
Microsoft Visual Studio Solution File, Format Version 12.00
# Visual Studio 15
VisualStudioVersion = 15.0.27004.2002
MinimumVisualStudioVersion = 10.0.40219.1
Project("{FAE04EC0-301F-11D3-BF4B-00C04F79EFBC}") = "DPproject.Android", "DPproject\DPproject.Android\DPproject.Android.csproj", "{D12E4F48-0416-4E08-8784-E651B97F3259}"
EndProject
Project("{FAE04EC0-301F-11D3-BF4B-00C04F79EFBC}") = "DPproject", "DPproject\DPproject\DPproject.csproj", "{22BD701D-345A-446B-AC02-BC3B8902EA2A}"
EndProject
Project("{FAE04EC0-301F-11D3-BF4B-00C04F79EFBC}") = "DPproject.UWP", "DPproject\DPproject.UWP\DPproject.UWP.csproj", "{600BC338-D0BC-41D4-BFE5-EB57FB09DD82}"
EndProject
Project("{FAE04EC0-301F-11D3-BF4B-00C04F79EFBC}") = "DPproject.iOS", "DPproject\DPproject.iOS\DPproject.iOS.csproj", "{2E695881-E39E-4CD5-9792-3330503519AC}"
EndProject
Global
	GlobalSection(SolutionConfigurationPlatforms) = preSolution
		Ad-Hoc|Any CPU = Ad-Hoc|Any CPU
		Ad-Hoc|ARM = Ad-Hoc|ARM
		Ad-Hoc|iPhone = Ad-Hoc|iPhone
		Ad-Hoc|iPhoneSimulator = Ad-Hoc|iPhoneSimulator
		Ad-Hoc|x64 = Ad-Hoc|x64
		Ad-Hoc|x86 = Ad-Hoc|x86
		AppStore|Any CPU = AppStore|Any CPU
		AppStore|ARM = AppStore|ARM
		AppStore|iPhone = AppStore|iPhone
		AppStore|iPhoneSimulator = AppStore|iPhoneSimulator
		AppStore|x64 = AppStore|x64
		AppStore|x86 = AppStore|x86
		Debug|Any CPU = Debug|Any CPU
		Debug|ARM = Debug|ARM
		Debug|iPhone = Debug|iPhone
		Debug|iPhoneSimulator = Debug|iPhoneSimulator
		Debug|x64 = Debug|x64
		Debug|x86 = Debug|x86
		Release|Any CPU = Release|Any CPU
		Release|ARM = Release|ARM
		Release|iPhone = Release|iPhone
		Release|iPhoneSimulator = Release|iPhoneSimulator
		Release|x64 = Release|x64
		Release|x86 = Release|x86
	EndGlobalSection
	GlobalSection(ProjectConfigurationPlatforms) = postSolution
		{D12E4F48-0416-4E08-8784-E651B97F3259}.Ad-Hoc|Any CPU.ActiveCfg = Release|Any CPU
		{D12E4F48-0416-4E08-8784-E651B97F3259}.Ad-Hoc|Any CPU.Build.0 = Release|Any CPU
		{D12E4F48-0416-4E08-8784-E651B97F3259}.Ad-Hoc|Any CPU.Deploy.0 = Release|Any CPU
		{D12E4F48-0416-4E08-8784-E651B97F3259}.Ad-Hoc|ARM.ActiveCfg = Release|Any CPU
		{D12E4F48-0416-4E08-8784-E651B97F3259}.Ad-Hoc|ARM.Build.0 = Release|Any CPU
		{D12E4F48-0416-4E08-8784-E651B97F3259}.Ad-Hoc|ARM.Deploy.0 = Release|Any CPU
		{D12E4F48-0416-4E08-8784-E651B97F3259}.Ad-Hoc|iPhone.ActiveCfg = Release|Any CPU
		{D12E4F48-0416-4E08-8784-E651B97F3259}.Ad-Hoc|iPhone.Build.0 = Release|Any CPU
		{D12E4F48-0416-4E08-8784-E651B97F3259}.Ad-Hoc|iPhone.Deploy.0 = Release|Any CPU
		{D12E4F48-0416-4E08-8784-E651B97F3259}.Ad-Hoc|iPhoneSimulator.ActiveCfg = Release|Any CPU
		{D12E4F48-0416-4E08-8784-E651B97F3259}.Ad-Hoc|iPhoneSimulator.Build.0 = Release|Any CPU
		{D12E4F48-0416-4E08-8784-E651B97F3259}.Ad-Hoc|iPhoneSimulator.Deploy.0 = Release|Any CPU
		{D12E4F48-0416-4E08-8784-E651B97F3259}.Ad-Hoc|x64.ActiveCfg = Release|Any CPU
		{D12E4F48-0416-4E08-8784-E651B97F3259}.Ad-Hoc|x64.Build.0 = Release|Any CPU
		{D12E4F48-0416-4E08-8784-E651B97F3259}.Ad-Hoc|x64.Deploy.0 = Release|Any CPU
		{D12E4F48-0416-4E08-8784-E651B97F3259}.Ad-Hoc|x86.ActiveCfg = Release|Any CPU
		{D12E4F48-0416-4E08-8784-E651B97F3259}.Ad-Hoc|x86.Build.0 = Release|Any CPU
		{D12E4F48-0416-4E08-8784-E651B97F3259}.Ad-Hoc|x86.Deploy.0 = Release|Any CPU
		{D12E4F48-0416-4E08-8784-E651B97F3259}.AppStore|Any CPU.ActiveCfg = Release|Any CPU
		{D12E4F48-0416-4E08-8784-E651B97F3259}.AppStore|Any CPU.Build.0 = Release|Any CPU
		{D12E4F48-0416-4E08-8784-E651B97F3259}.AppStore|Any CPU.Deploy.0 = Release|Any CPU
		{D12E4F48-0416-4E08-8784-E651B97F3259}.AppStore|ARM.ActiveCfg = Release|Any CPU
		{D12E4F48-0416-4E08-8784-E651B97F3259}.AppStore|ARM.Build.0 = Release|Any CPU
		{D12E4F48-0416-4E08-8784-E651B97F3259}.AppStore|ARM.Deploy.0 = Release|Any CPU
		{D12E4F48-0416-4E08-8784-E651B97F3259}.AppStore|iPhone.ActiveCfg = Release|Any CPU
		{D12E4F48-0416-4E08-8784-E651B97F3259}.AppStore|iPhone.Build.0 = Release|Any CPU
		{D12E4F48-0416-4E08-8784-E651B97F3259}.AppStore|iPhone.Deploy.0 = Release|Any CPU
		{D12E4F48-0416-4E08-8784-E651B97F3259}.AppStore|iPhoneSimulator.ActiveCfg = Release|Any CPU
		{D12E4F48-0416-4E08-8784-E651B97F3259}.AppStore|iPhoneSimulator.Build.0 = Release|Any CPU
		{D12E4F48-0416-4E08-8784-E651B97F3259}.AppStore|iPhoneSimulator.Deploy.0 = Release|Any CPU
		{D12E4F48-0416-4E08-8784-E651B97F3259}.AppStore|x64.ActiveCfg = Release|Any CPU
		{D12E4F48-0416-4E08-8784-E651B97F3259}.AppStore|x64.Build.0 = Release|Any CPU
		{D12E4F48-0416-4E08-8784-E651B97F3259}.AppStore|x64.Deploy.0 = Release|Any CPU
		{D12E4F48-0416-4E08-8784-E651B97F3259}.AppStore|x86.ActiveCfg = Release|Any CPU
		{D12E4F48-0416-4E08-8784-E651B97F3259}.AppStore|x86.Build.0 = Release|Any CPU
		{D12E4F48-0416-4E08-8784-E651B97F3259}.AppStore|x86.Deploy.0 = Release|Any CPU
		{D12E4F48-0416-4E08-8784-E651B97F3259}.Debug|Any CPU.ActiveCfg = Debug|Any CPU
		{D12E4F48-0416-4E08-8784-E651B97F3259}.Debug|Any CPU.Build.0 = Debug|Any CPU
		{D12E4F48-0416-4E08-8784-E651B97F3259}.Debug|Any CPU.Deploy.0 = Debug|Any CPU
		{D12E4F48-0416-4E08-8784-E651B97F3259}.Debug|ARM.ActiveCfg = Debug|Any CPU
		{D12E4F48-0416-4E08-8784-E651B97F3259}.Debug|ARM.Build.0 = Debug|Any CPU
		{D12E4F48-0416-4E08-8784-E651B97F3259}.Debug|ARM.Deploy.0 = Debug|Any CPU
		{D12E4F48-0416-4E08-8784-E651B97F3259}.Debug|iPhone.ActiveCfg = Debug|Any CPU
		{D12E4F48-0416-4E08-8784-E651B97F3259}.Debug|iPhone.Build.0 = Debug|Any CPU
		{D12E4F48-0416-4E08-8784-E651B97F3259}.Debug|iPhone.Deploy.0 = Debug|Any CPU
		{D12E4F48-0416-4E08-8784-E651B97F3259}.Debug|iPhoneSimulator.ActiveCfg = Debug|Any CPU
		{D12E4F48-0416-4E08-8784-E651B97F3259}.Debug|iPhoneSimulator.Build.0 = Debug|Any CPU
		{D12E4F48-0416-4E08-8784-E651B97F3259}.Debug|iPhoneSimulator.Deploy.0 = Debug|Any CPU
		{D12E4F48-0416-4E08-8784-E651B97F3259}.Debug|x64.ActiveCfg = Debug|Any CPU
		{D12E4F48-0416-4E08-8784-E651B97F3259}.Debug|x64.Build.0 = Debug|Any CPU
		{D12E4F48-0416-4E08-8784-E651B97F3259}.Debug|x64.Deploy.0 = Debug|Any CPU
		{D12E4F48-0416-4E08-8784-E651B97F3259}.Debug|x86.ActiveCfg = Debug|Any CPU
		{D12E4F48-0416-4E08-8784-E651B97F3259}.Debug|x86.Build.0 = Debug|Any CPU
		{D12E4F48-0416-4E08-8784-E651B97F3259}.Debug|x86.Deploy.0 = Debug|Any CPU
		{D12E4F48-0416-4E08-8784-E651B97F3259}.Release|Any CPU.ActiveCfg = Release|Any CPU
		{D12E4F48-0416-4E08-8784-E651B97F3259}.Release|Any CPU.Build.0 = Release|Any CPU
		{D12E4F48-0416-4E08-8784-E651B97F3259}.Release|Any CPU.Deploy.0 = Release|Any CPU
		{D12E4F48-0416-4E08-8784-E651B97F3259}.Release|ARM.ActiveCfg = Release|Any CPU
		{D12E4F48-0416-4E08-8784-E651B97F3259}.Release|ARM.Build.0 = Release|Any CPU
		{D12E4F48-0416-4E08-8784-E651B97F3259}.Release|ARM.Deploy.0 = Release|Any CPU
		{D12E4F48-0416-4E08-8784-E651B97F3259}.Release|iPhone.ActiveCfg = Release|Any CPU
		{D12E4F48-0416-4E08-8784-E651B97F3259}.Release|iPhone.Build.0 = Release|Any CPU
		{D12E4F48-0416-4E08-8784-E651B97F3259}.Release|iPhone.Deploy.0 = Release|Any CPU
		{D12E4F48-0416-4E08-8784-E651B97F3259}.Release|iPhoneSimulator.ActiveCfg = Release|Any CPU
		{D12E4F48-0416-4E08-8784-E651B97F3259}.Release|iPhoneSimulator.Build.0 = Release|Any CPU
		{D12E4F48-0416-4E08-8784-E651B97F3259}.Release|iPhoneSimulator.Deploy.0 = Release|Any CPU
		{D12E4F48-0416-4E08-8784-E651B97F3259}.Release|x64.ActiveCfg = Release|Any CPU
		{D12E4F48-0416-4E08-8784-E651B97F3259}.Release|x64.Build.0 = Release|Any CPU
		{D12E4F48-0416-4E08-8784-E651B97F3259}.Release|x64.Deploy.0 = Release|Any CPU
		{D12E4F48-0416-4E08-8784-E651B97F3259}.Release|x86.ActiveCfg = Release|Any CPU
		{D12E4F48-0416-4E08-8784-E651B97F3259}.Release|x86.Build.0 = Release|Any CPU
		{D12E4F48-0416-4E08-8784-E651B97F3259}.Release|x86.Deploy.0 = Release|Any CPU
		{22BD701D-345A-446B-AC02-BC3B8902EA2A}.Ad-Hoc|Any CPU.ActiveCfg = Release|Any CPU
		{22BD701D-345A-446B-AC02-BC3B8902EA2A}.Ad-Hoc|Any CPU.Build.0 = Release|Any CPU
		{22BD701D-345A-446B-AC02-BC3B8902EA2A}.Ad-Hoc|ARM.ActiveCfg = Release|Any CPU
		{22BD701D-345A-446B-AC02-BC3B8902EA2A}.Ad-Hoc|ARM.Build.0 = Release|Any CPU
		{22BD701D-345A-446B-AC02-BC3B8902EA2A}.Ad-Hoc|iPhone.ActiveCfg = Release|Any CPU
		{22BD701D-345A-446B-AC02-BC3B8902EA2A}.Ad-Hoc|iPhone.Build.0 = Release|Any CPU
		{22BD701D-345A-446B-AC02-BC3B8902EA2A}.Ad-Hoc|iPhoneSimulator.ActiveCfg = Release|Any CPU
		{22BD701D-345A-446B-AC02-BC3B8902EA2A}.Ad-Hoc|iPhoneSimulator.Build.0 = Release|Any CPU
		{22BD701D-345A-446B-AC02-BC3B8902EA2A}.Ad-Hoc|x64.ActiveCfg = Release|Any CPU
		{22BD701D-345A-446B-AC02-BC3B8902EA2A}.Ad-Hoc|x64.Build.0 = Release|Any CPU
		{22BD701D-345A-446B-AC02-BC3B8902EA2A}.Ad-Hoc|x86.ActiveCfg = Release|Any CPU
		{22BD701D-345A-446B-AC02-BC3B8902EA2A}.Ad-Hoc|x86.Build.0 = Release|Any CPU
		{22BD701D-345A-446B-AC02-BC3B8902EA2A}.AppStore|Any CPU.ActiveCfg = Release|Any CPU
		{22BD701D-345A-446B-AC02-BC3B8902EA2A}.AppStore|Any CPU.Build.0 = Release|Any CPU
		{22BD701D-345A-446B-AC02-BC3B8902EA2A}.AppStore|ARM.ActiveCfg = Release|Any CPU
		{22BD701D-345A-446B-AC02-BC3B8902EA2A}.AppStore|ARM.Build.0 = Release|Any CPU
		{22BD701D-345A-446B-AC02-BC3B8902EA2A}.AppStore|iPhone.ActiveCfg = Release|Any CPU
		{22BD701D-345A-446B-AC02-BC3B8902EA2A}.AppStore|iPhone.Build.0 = Release|Any CPU
		{22BD701D-345A-446B-AC02-BC3B8902EA2A}.AppStore|iPhoneSimulator.ActiveCfg = Release|Any CPU
		{22BD701D-345A-446B-AC02-BC3B8902EA2A}.AppStore|iPhoneSimulator.Build.0 = Release|Any CPU
		{22BD701D-345A-446B-AC02-BC3B8902EA2A}.AppStore|x64.ActiveCfg = Release|Any CPU
		{22BD701D-345A-446B-AC02-BC3B8902EA2A}.AppStore|x64.Build.0 = Release|Any CPU
		{22BD701D-345A-446B-AC02-BC3B8902EA2A}.AppStore|x86.ActiveCfg = Release|Any CPU
		{22BD701D-345A-446B-AC02-BC3B8902EA2A}.AppStore|x86.Build.0 = Release|Any CPU
		{22BD701D-345A-446B-AC02-BC3B8902EA2A}.Debug|Any CPU.ActiveCfg = Debug|Any CPU
		{22BD701D-345A-446B-AC02-BC3B8902EA2A}.Debug|Any CPU.Build.0 = Debug|Any CPU
		{22BD701D-345A-446B-AC02-BC3B8902EA2A}.Debug|ARM.ActiveCfg = Debug|Any CPU
		{22BD701D-345A-446B-AC02-BC3B8902EA2A}.Debug|ARM.Build.0 = Debug|Any CPU
		{22BD701D-345A-446B-AC02-BC3B8902EA2A}.Debug|iPhone.ActiveCfg = Debug|Any CPU
		{22BD701D-345A-446B-AC02-BC3B8902EA2A}.Debug|iPhone.Build.0 = Debug|Any CPU
		{22BD701D-345A-446B-AC02-BC3B8902EA2A}.Debug|iPhoneSimulator.ActiveCfg = Debug|Any CPU
		{22BD701D-345A-446B-AC02-BC3B8902EA2A}.Debug|iPhoneSimulator.Build.0 = Debug|Any CPU
		{22BD701D-345A-446B-AC02-BC3B8902EA2A}.Debug|x64.ActiveCfg = Debug|Any CPU
		{22BD701D-345A-446B-AC02-BC3B8902EA2A}.Debug|x64.Build.0 = Debug|Any CPU
		{22BD701D-345A-446B-AC02-BC3B8902EA2A}.Debug|x86.ActiveCfg = Debug|Any CPU
		{22BD701D-345A-446B-AC02-BC3B8902EA2A}.Debug|x86.Build.0 = Debug|Any CPU
		{22BD701D-345A-446B-AC02-BC3B8902EA2A}.Release|Any CPU.ActiveCfg = Release|Any CPU
		{22BD701D-345A-446B-AC02-BC3B8902EA2A}.Release|Any CPU.Build.0 = Release|Any CPU
		{22BD701D-345A-446B-AC02-BC3B8902EA2A}.Release|ARM.ActiveCfg = Release|Any CPU
		{22BD701D-345A-446B-AC02-BC3B8902EA2A}.Release|ARM.Build.0 = Release|Any CPU
		{22BD701D-345A-446B-AC02-BC3B8902EA2A}.Release|iPhone.ActiveCfg = Release|Any CPU
		{22BD701D-345A-446B-AC02-BC3B8902EA2A}.Release|iPhone.Build.0 = Release|Any CPU
		{22BD701D-345A-446B-AC02-BC3B8902EA2A}.Release|iPhoneSimulator.ActiveCfg = Release|Any CPU
		{22BD701D-345A-446B-AC02-BC3B8902EA2A}.Release|iPhoneSimulator.Build.0 = Release|Any CPU
		{22BD701D-345A-446B-AC02-BC3B8902EA2A}.Release|x64.ActiveCfg = Release|Any CPU
		{22BD701D-345A-446B-AC02-BC3B8902EA2A}.Release|x64.Build.0 = Release|Any CPU
		{22BD701D-345A-446B-AC02-BC3B8902EA2A}.Release|x86.ActiveCfg = Release|Any CPU
		{22BD701D-345A-446B-AC02-BC3B8902EA2A}.Release|x86.Build.0 = Release|Any CPU
		{600BC338-D0BC-41D4-BFE5-EB57FB09DD82}.Ad-Hoc|Any CPU.ActiveCfg = Release|x86
		{600BC338-D0BC-41D4-BFE5-EB57FB09DD82}.Ad-Hoc|Any CPU.Build.0 = Release|x86
		{600BC338-D0BC-41D4-BFE5-EB57FB09DD82}.Ad-Hoc|Any CPU.Deploy.0 = Release|x86
		{600BC338-D0BC-41D4-BFE5-EB57FB09DD82}.Ad-Hoc|ARM.ActiveCfg = Release|ARM
		{600BC338-D0BC-41D4-BFE5-EB57FB09DD82}.Ad-Hoc|ARM.Build.0 = Release|ARM
		{600BC338-D0BC-41D4-BFE5-EB57FB09DD82}.Ad-Hoc|ARM.Deploy.0 = Release|ARM
		{600BC338-D0BC-41D4-BFE5-EB57FB09DD82}.Ad-Hoc|iPhone.ActiveCfg = Release|x86
		{600BC338-D0BC-41D4-BFE5-EB57FB09DD82}.Ad-Hoc|iPhone.Build.0 = Release|x86
		{600BC338-D0BC-41D4-BFE5-EB57FB09DD82}.Ad-Hoc|iPhone.Deploy.0 = Release|x86
		{600BC338-D0BC-41D4-BFE5-EB57FB09DD82}.Ad-Hoc|iPhoneSimulator.ActiveCfg = Release|x86
		{600BC338-D0BC-41D4-BFE5-EB57FB09DD82}.Ad-Hoc|iPhoneSimulator.Build.0 = Release|x86
		{600BC338-D0BC-41D4-BFE5-EB57FB09DD82}.Ad-Hoc|iPhoneSimulator.Deploy.0 = Release|x86
		{600BC338-D0BC-41D4-BFE5-EB57FB09DD82}.Ad-Hoc|x64.ActiveCfg = Release|x64
		{600BC338-D0BC-41D4-BFE5-EB57FB09DD82}.Ad-Hoc|x64.Build.0 = Release|x64
		{600BC338-D0BC-41D4-BFE5-EB57FB09DD82}.Ad-Hoc|x64.Deploy.0 = Release|x64
		{600BC338-D0BC-41D4-BFE5-EB57FB09DD82}.Ad-Hoc|x86.ActiveCfg = Release|x86
		{600BC338-D0BC-41D4-BFE5-EB57FB09DD82}.Ad-Hoc|x86.Build.0 = Release|x86
		{600BC338-D0BC-41D4-BFE5-EB57FB09DD82}.Ad-Hoc|x86.Deploy.0 = Release|x86
		{600BC338-D0BC-41D4-BFE5-EB57FB09DD82}.AppStore|Any CPU.ActiveCfg = Release|x86
		{600BC338-D0BC-41D4-BFE5-EB57FB09DD82}.AppStore|Any CPU.Build.0 = Release|x86
		{600BC338-D0BC-41D4-BFE5-EB57FB09DD82}.AppStore|Any CPU.Deploy.0 = Release|x86
		{600BC338-D0BC-41D4-BFE5-EB57FB09DD82}.AppStore|ARM.ActiveCfg = Release|ARM
		{600BC338-D0BC-41D4-BFE5-EB57FB09DD82}.AppStore|ARM.Build.0 = Release|ARM
		{600BC338-D0BC-41D4-BFE5-EB57FB09DD82}.AppStore|ARM.Deploy.0 = Release|ARM
		{600BC338-D0BC-41D4-BFE5-EB57FB09DD82}.AppStore|iPhone.ActiveCfg = Release|x86
		{600BC338-D0BC-41D4-BFE5-EB57FB09DD82}.AppStore|iPhone.Build.0 = Release|x86
		{600BC338-D0BC-41D4-BFE5-EB57FB09DD82}.AppStore|iPhone.Deploy.0 = Release|x86
		{600BC338-D0BC-41D4-BFE5-EB57FB09DD82}.AppStore|iPhoneSimulator.ActiveCfg = Release|x86
		{600BC338-D0BC-41D4-BFE5-EB57FB09DD82}.AppStore|iPhoneSimulator.Build.0 = Release|x86
		{600BC338-D0BC-41D4-BFE5-EB57FB09DD82}.AppStore|iPhoneSimulator.Deploy.0 = Release|x86
		{600BC338-D0BC-41D4-BFE5-EB57FB09DD82}.AppStore|x64.ActiveCfg = Release|x64
		{600BC338-D0BC-41D4-BFE5-EB57FB09DD82}.AppStore|x64.Build.0 = Release|x64
		{600BC338-D0BC-41D4-BFE5-EB57FB09DD82}.AppStore|x64.Deploy.0 = Release|x64
		{600BC338-D0BC-41D4-BFE5-EB57FB09DD82}.AppStore|x86.ActiveCfg = Release|x86
		{600BC338-D0BC-41D4-BFE5-EB57FB09DD82}.AppStore|x86.Build.0 = Release|x86
		{600BC338-D0BC-41D4-BFE5-EB57FB09DD82}.AppStore|x86.Deploy.0 = Release|x86
		{600BC338-D0BC-41D4-BFE5-EB57FB09DD82}.Debug|Any CPU.ActiveCfg = Debug|x86
		{600BC338-D0BC-41D4-BFE5-EB57FB09DD82}.Debug|ARM.ActiveCfg = Debug|ARM
		{600BC338-D0BC-41D4-BFE5-EB57FB09DD82}.Debug|ARM.Build.0 = Debug|ARM
		{600BC338-D0BC-41D4-BFE5-EB57FB09DD82}.Debug|ARM.Deploy.0 = Debug|ARM
		{600BC338-D0BC-41D4-BFE5-EB57FB09DD82}.Debug|iPhone.ActiveCfg = Debug|x86
		{600BC338-D0BC-41D4-BFE5-EB57FB09DD82}.Debug|iPhoneSimulator.ActiveCfg = Debug|x86
		{600BC338-D0BC-41D4-BFE5-EB57FB09DD82}.Debug|x64.ActiveCfg = Debug|x64
		{600BC338-D0BC-41D4-BFE5-EB57FB09DD82}.Debug|x64.Build.0 = Debug|x64
		{600BC338-D0BC-41D4-BFE5-EB57FB09DD82}.Debug|x64.Deploy.0 = Debug|x64
		{600BC338-D0BC-41D4-BFE5-EB57FB09DD82}.Debug|x86.ActiveCfg = Debug|x86
		{600BC338-D0BC-41D4-BFE5-EB57FB09DD82}.Debug|x86.Build.0 = Debug|x86
		{600BC338-D0BC-41D4-BFE5-EB57FB09DD82}.Debug|x86.Deploy.0 = Debug|x86
		{600BC338-D0BC-41D4-BFE5-EB57FB09DD82}.Release|Any CPU.ActiveCfg = Release|x86
		{600BC338-D0BC-41D4-BFE5-EB57FB09DD82}.Release|ARM.ActiveCfg = Release|ARM
		{600BC338-D0BC-41D4-BFE5-EB57FB09DD82}.Release|ARM.Build.0 = Release|ARM
		{600BC338-D0BC-41D4-BFE5-EB57FB09DD82}.Release|ARM.Deploy.0 = Release|ARM
		{600BC338-D0BC-41D4-BFE5-EB57FB09DD82}.Release|iPhone.ActiveCfg = Release|x86
		{600BC338-D0BC-41D4-BFE5-EB57FB09DD82}.Release|iPhoneSimulator.ActiveCfg = Release|x86
		{600BC338-D0BC-41D4-BFE5-EB57FB09DD82}.Release|x64.ActiveCfg = Release|x64
		{600BC338-D0BC-41D4-BFE5-EB57FB09DD82}.Release|x64.Build.0 = Release|x64
		{600BC338-D0BC-41D4-BFE5-EB57FB09DD82}.Release|x64.Deploy.0 = Release|x64
		{600BC338-D0BC-41D4-BFE5-EB57FB09DD82}.Release|x86.ActiveCfg = Release|x86
		{600BC338-D0BC-41D4-BFE5-EB57FB09DD82}.Release|x86.Build.0 = Release|x86
		{600BC338-D0BC-41D4-BFE5-EB57FB09DD82}.Release|x86.Deploy.0 = Release|x86
		{2E695881-E39E-4CD5-9792-3330503519AC}.Ad-Hoc|Any CPU.ActiveCfg = Ad-Hoc|iPhoneSimulator
		{2E695881-E39E-4CD5-9792-3330503519AC}.Ad-Hoc|ARM.ActiveCfg = Ad-Hoc|iPhone
		{2E695881-E39E-4CD5-9792-3330503519AC}.Ad-Hoc|iPhone.ActiveCfg = Ad-Hoc|iPhone
		{2E695881-E39E-4CD5-9792-3330503519AC}.Ad-Hoc|iPhone.Build.0 = Ad-Hoc|iPhone
		{2E695881-E39E-4CD5-9792-3330503519AC}.Ad-Hoc|iPhoneSimulator.ActiveCfg = Ad-Hoc|iPhoneSimulator
		{2E695881-E39E-4CD5-9792-3330503519AC}.Ad-Hoc|iPhoneSimulator.Build.0 = Ad-Hoc|iPhoneSimulator
		{2E695881-E39E-4CD5-9792-3330503519AC}.Ad-Hoc|x64.ActiveCfg = Ad-Hoc|iPhone
		{2E695881-E39E-4CD5-9792-3330503519AC}.Ad-Hoc|x86.ActiveCfg = Ad-Hoc|iPhone
		{2E695881-E39E-4CD5-9792-3330503519AC}.AppStore|Any CPU.ActiveCfg = AppStore|iPhoneSimulator
		{2E695881-E39E-4CD5-9792-3330503519AC}.AppStore|ARM.ActiveCfg = AppStore|iPhone
		{2E695881-E39E-4CD5-9792-3330503519AC}.AppStore|iPhone.ActiveCfg = AppStore|iPhone
		{2E695881-E39E-4CD5-9792-3330503519AC}.AppStore|iPhone.Build.0 = AppStore|iPhone
		{2E695881-E39E-4CD5-9792-3330503519AC}.AppStore|iPhoneSimulator.ActiveCfg = AppStore|iPhoneSimulator
		{2E695881-E39E-4CD5-9792-3330503519AC}.AppStore|iPhoneSimulator.Build.0 = AppStore|iPhoneSimulator
		{2E695881-E39E-4CD5-9792-3330503519AC}.AppStore|x64.ActiveCfg = AppStore|iPhone
		{2E695881-E39E-4CD5-9792-3330503519AC}.AppStore|x86.ActiveCfg = AppStore|iPhone
		{2E695881-E39E-4CD5-9792-3330503519AC}.Debug|Any CPU.ActiveCfg = Debug|iPhoneSimulator
		{2E695881-E39E-4CD5-9792-3330503519AC}.Debug|ARM.ActiveCfg = Debug|iPhone
		{2E695881-E39E-4CD5-9792-3330503519AC}.Debug|iPhone.ActiveCfg = Debug|iPhone
		{2E695881-E39E-4CD5-9792-3330503519AC}.Debug|iPhone.Build.0 = Debug|iPhone
		{2E695881-E39E-4CD5-9792-3330503519AC}.Debug|iPhoneSimulator.ActiveCfg = Debug|iPhoneSimulator
		{2E695881-E39E-4CD5-9792-3330503519AC}.Debug|iPhoneSimulator.Build.0 = Debug|iPhoneSimulator
		{2E695881-E39E-4CD5-9792-3330503519AC}.Debug|x64.ActiveCfg = Debug|iPhone
		{2E695881-E39E-4CD5-9792-3330503519AC}.Debug|x86.ActiveCfg = Debug|iPhone
		{2E695881-E39E-4CD5-9792-3330503519AC}.Release|Any CPU.ActiveCfg = Release|iPhoneSimulator
		{2E695881-E39E-4CD5-9792-3330503519AC}.Release|ARM.ActiveCfg = Release|iPhone
		{2E695881-E39E-4CD5-9792-3330503519AC}.Release|iPhone.ActiveCfg = Release|iPhone
		{2E695881-E39E-4CD5-9792-3330503519AC}.Release|iPhone.Build.0 = Release|iPhone
		{2E695881-E39E-4CD5-9792-3330503519AC}.Release|iPhoneSimulator.ActiveCfg = Release|iPhoneSimulator
		{2E695881-E39E-4CD5-9792-3330503519AC}.Release|iPhoneSimulator.Build.0 = Release|iPhoneSimulator
		{2E695881-E39E-4CD5-9792-3330503519AC}.Release|x64.ActiveCfg = Release|iPhone
		{2E695881-E39E-4CD5-9792-3330503519AC}.Release|x86.ActiveCfg = Release|iPhone
	EndGlobalSection
	GlobalSection(SolutionProperties) = preSolution
		HideSolutionNode = FALSE
	EndGlobalSection
	GlobalSection(ExtensibilityGlobals) = postSolution
		SolutionGuid = {7B399BD3-1260-43CA-AC9F-C46822C0C57C}
	EndGlobalSection
EndGlobal
